
Microsoft Visual Studio Solution File, Format Version 12.00
# Visual Studio Version 16
VisualStudioVersion = 16.0.31019.35
MinimumVisualStudioVersion = 10.0.40219.1
Project("{9A19103F-16F7-4668-BE54-9A1E7A4F7556}") = "DevIO.Api", "src\DevIO.Api\DevIO.Api.csproj", "{5F57E223-23AE-4BA8-BE4F-154B5FA21FFD}"
EndProject
Project("{9A19103F-16F7-4668-BE54-9A1E7A4F7556}") = "DevIO.Business", "src\DevIO.Business\DevIO.Business.csproj", "{1184C4F5-0917-47B0-ADB8-B13D7BF6D943}"
EndProject
Project("{9A19103F-16F7-4668-BE54-9A1E7A4F7556}") = "DevIO.Data", "src\DevIO.Data\DevIO.Data.csproj", "{F3DF520E-C60E-44BA-BA4D-2EB0D5474EEC}"
EndProject
Global
	GlobalSection(SolutionConfigurationPlatforms) = preSolution
		Debug|Any CPU = Debug|Any CPU
		Release|Any CPU = Release|Any CPU
	EndGlobalSection
	GlobalSection(ProjectConfigurationPlatforms) = postSolution
		{5F57E223-23AE-4BA8-BE4F-154B5FA21FFD}.Debug|Any CPU.ActiveCfg = Debug|Any CPU
		{5F57E223-23AE-4BA8-BE4F-154B5FA21FFD}.Debug|Any CPU.Build.0 = Debug|Any CPU
		{5F57E223-23AE-4BA8-BE4F-154B5FA21FFD}.Release|Any CPU.ActiveCfg = Release|Any CPU
		{5F57E223-23AE-4BA8-BE4F-154B5FA21FFD}.Release|Any CPU.Build.0 = Release|Any CPU
		{1184C4F5-0917-47B0-ADB8-B13D7BF6D943}.Debug|Any CPU.ActiveCfg = Debug|Any CPU
		{1184C4F5-0917-47B0-ADB8-B13D7BF6D943}.Debug|Any CPU.Build.0 = Debug|Any CPU
		{1184C4F5-0917-47B0-ADB8-B13D7BF6D943}.Release|Any CPU.ActiveCfg = Release|Any CPU
		{1184C4F5-0917-47B0-ADB8-B13D7BF6D943}.Release|Any CPU.Build.0 = Release|Any CPU
		{F3DF520E-C60E-44BA-BA4D-2EB0D5474EEC}.Debug|Any CPU.ActiveCfg = Debug|Any CPU
		{F3DF520E-C60E-44BA-BA4D-2EB0D5474EEC}.Debug|Any CPU.Build.0 = Debug|Any CPU
		{F3DF520E-C60E-44BA-BA4D-2EB0D5474EEC}.Release|Any CPU.ActiveCfg = Release|Any CPU
		{F3DF520E-C60E-44BA-BA4D-2EB0D5474EEC}.Release|Any CPU.Build.0 = Release|Any CPU
	EndGlobalSection
	GlobalSection(SolutionProperties) = preSolution
		HideSolutionNode = FALSE
	EndGlobalSection
	GlobalSection(ExtensibilityGlobals) = postSolution
		SolutionGuid = {1F4A2341-BA26-4159-8CD1-34CCDF2A508A}
	EndGlobalSection
EndGlobal
